
Microsoft Visual Studio Solution File, Format Version 12.00
# Visual Studio Version 16
VisualStudioVersion = 16.0.29424.173
MinimumVisualStudioVersion = 10.0.40219.1
Project("{FAE04EC0-301F-11D3-BF4B-00C04F79EFBC}") = "MistrzLiczb", "MistrzLiczb\MistrzLiczb.csproj", "{50AC72C2-F3B1-492B-9AC0-FE8BE84344DF}"
EndProject
Global
	GlobalSection(SolutionConfigurationPlatforms) = preSolution
		Debug|Any CPU = Debug|Any CPU
		Release|Any CPU = Release|Any CPU
	EndGlobalSection
	GlobalSection(ProjectConfigurationPlatforms) = postSolution
		{50AC72C2-F3B1-492B-9AC0-FE8BE84344DF}.Debug|Any CPU.ActiveCfg = Debug|Any CPU
		{50AC72C2-F3B1-492B-9AC0-FE8BE84344DF}.Debug|Any CPU.Build.0 = Debug|Any CPU
		{50AC72C2-F3B1-492B-9AC0-FE8BE84344DF}.Release|Any CPU.ActiveCfg = Release|Any CPU
		{50AC72C2-F3B1-492B-9AC0-FE8BE84344DF}.Release|Any CPU.Build.0 = Release|Any CPU
	EndGlobalSection
	GlobalSection(SolutionProperties) = preSolution
		HideSolutionNode = FALSE
	EndGlobalSection
	GlobalSection(ExtensibilityGlobals) = postSolution
		SolutionGuid = {393BA9EA-7CE2-4A7C-A926-B1AA6CD4BDEE}
	EndGlobalSection
EndGlobal
